
Microsoft Visual Studio Solution File, Format Version 12.00
Project("{FAE04EC0-301F-11D3-BF4B-00C04F79EFBC}") = "RetryableKafkaConsumer", "src\RetryableKafkaConsumer\RetryableKafkaConsumer.csproj", "{0858FBF9-D53A-4E64-AEA3-6395C636626F}"
EndProject
Project("{FAE04EC0-301F-11D3-BF4B-00C04F79EFBC}") = "RetryableKafkaConsumer.Contracts", "src\RetryableKafkaConsumer.Contracts\RetryableKafkaConsumer.Contracts.csproj", "{E815EC44-6155-404F-8293-2202CAE2005F}"
EndProject
Project("{2150E333-8FDC-42A3-9474-1A3956D46DE8}") = "src", "src", "{5D3C7EC6-E3B2-47DE-8D81-F4814D22C73C}"
EndProject
Project("{2150E333-8FDC-42A3-9474-1A3956D46DE8}") = "tests", "tests", "{D0018940-BCB9-4BBE-AAE1-17A6200F7254}"
EndProject
Project("{2150E333-8FDC-42A3-9474-1A3956D46DE8}") = "harness", "harness", "{6CC967AD-8982-4AB4-AB2E-4D636C0BD34C}"
EndProject
Project("{FAE04EC0-301F-11D3-BF4B-00C04F79EFBC}") = "Harness", "harness\Harness\Harness.csproj", "{482C563B-2C34-47D2-82C3-47886ABC9D4F}"
EndProject
Global
	GlobalSection(SolutionConfigurationPlatforms) = preSolution
		Debug|Any CPU = Debug|Any CPU
		Release|Any CPU = Release|Any CPU
	EndGlobalSection
	GlobalSection(ProjectConfigurationPlatforms) = postSolution
		{0858FBF9-D53A-4E64-AEA3-6395C636626F}.Debug|Any CPU.ActiveCfg = Debug|Any CPU
		{0858FBF9-D53A-4E64-AEA3-6395C636626F}.Debug|Any CPU.Build.0 = Debug|Any CPU
		{0858FBF9-D53A-4E64-AEA3-6395C636626F}.Release|Any CPU.ActiveCfg = Release|Any CPU
		{0858FBF9-D53A-4E64-AEA3-6395C636626F}.Release|Any CPU.Build.0 = Release|Any CPU
		{E815EC44-6155-404F-8293-2202CAE2005F}.Debug|Any CPU.ActiveCfg = Debug|Any CPU
		{E815EC44-6155-404F-8293-2202CAE2005F}.Debug|Any CPU.Build.0 = Debug|Any CPU
		{E815EC44-6155-404F-8293-2202CAE2005F}.Release|Any CPU.ActiveCfg = Release|Any CPU
		{E815EC44-6155-404F-8293-2202CAE2005F}.Release|Any CPU.Build.0 = Release|Any CPU
		{482C563B-2C34-47D2-82C3-47886ABC9D4F}.Debug|Any CPU.ActiveCfg = Debug|Any CPU
		{482C563B-2C34-47D2-82C3-47886ABC9D4F}.Debug|Any CPU.Build.0 = Debug|Any CPU
		{482C563B-2C34-47D2-82C3-47886ABC9D4F}.Release|Any CPU.ActiveCfg = Release|Any CPU
		{482C563B-2C34-47D2-82C3-47886ABC9D4F}.Release|Any CPU.Build.0 = Release|Any CPU
	EndGlobalSection
	GlobalSection(NestedProjects) = preSolution
		{0858FBF9-D53A-4E64-AEA3-6395C636626F} = {5D3C7EC6-E3B2-47DE-8D81-F4814D22C73C}
		{E815EC44-6155-404F-8293-2202CAE2005F} = {5D3C7EC6-E3B2-47DE-8D81-F4814D22C73C}
		{482C563B-2C34-47D2-82C3-47886ABC9D4F} = {6CC967AD-8982-4AB4-AB2E-4D636C0BD34C}
	EndGlobalSection
EndGlobal
